{
  "version": "5",
  "redirects": {
    "https://esm.sh/@supabase/supabase-js@2?target=deno": "https://esm.sh/@supabase/supabase-js@2.110.3?target=deno",
    "https://esm.sh/jose@5": "https://esm.sh/jose@5.10.0"
  },
  "remote": {
    "https://deno.land/std@0.168.0/async/abortable.ts": "80b2ac399f142cc528f95a037a7d0e653296352d95c681e284533765961de409",
    "https://deno.land/std@0.168.0/async/deadline.ts": "2c2deb53c7c28ca1dda7a3ad81e70508b1ebc25db52559de6b8636c9278fd41f",
    "https://deno.land/std@0.168.0/async/debounce.ts": "60301ffb37e730cd2d6f9dadfd0ecb2a38857681bd7aaf6b0a106b06e5210a98",
    "https://deno.land/std@0.168.0/async/deferred.ts": "77d3f84255c3627f1cc88699d8472b664d7635990d5358c4351623e098e917d6",
    "https://deno.land/std@0.168.0/async/delay.ts": "5a9bfba8de38840308a7a33786a0155a7f6c1f7a859558ddcec5fe06e16daf57",
    "https://deno.land/std@0.168.0/async/mod.ts": "7809ad4bb223e40f5fdc043e5c7ca04e0e25eed35c32c3c32e28697c553fa6d9",
    "https://deno.land/std@0.168.0/async/mux_async_iterator.ts": "770a0ff26c59f8bbbda6b703a2235f04e379f73238e8d66a087edc68c2a2c35f",
    "https://deno.land/std@0.168.0/async/pool.ts": "6854d8cd675a74c73391c82005cbbe4cc58183bddcd1fbbd7c2bcda42b61cf69",
    "https://deno.land/std@0.168.0/async/retry.ts": "e8e5173623915bbc0ddc537698fa418cf875456c347eda1ed453528645b42e67",
    "https://deno.land/std@0.168.0/async/tee.ts": "3a47cc4e9a940904fd4341f0224907e199121c80b831faa5ec2b054c6d2eff5e",
    "https://deno.land/std@0.168.0/http/server.ts": "e99c1bee8a3f6571ee4cdeb2966efad465b8f6fe62bec1bdb59c1f007cc4d155",
    "https://deno.land/std@0.224.0/assert/assert.ts": "09d30564c09de846855b7b071e62b5974b001bb72a4b797958fe0660e7849834",
    "https://deno.land/std@0.224.0/assert/assertion_error.ts": "ba8752bd27ebc51f723702fac2f54d3e94447598f54264a6653d6413738a8917",
    "https://deno.land/std@0.224.0/csv/_io.ts": "568718b7eb4cf3ba140b0690a00ef5a8416ceae9a4116f386114c83717bd8a9e",
    "https://deno.land/std@0.224.0/csv/parse.ts": "e2d5e82e19b71a968f5fcd3b76b438ee6f646fe8e948c4c2d3b00ad9cd0a659a",
    "https://esm.sh/@supabase/supabase-js@2.110.3?target=deno": "c1bc335a853d6df8e86c0484cc7ea4ece0bb120c14940ded86bca97457b7c401",
    "https://esm.sh/jose@5.10.0": "43705c1f40e5191081bcac2851ad8265f03c23bf751f9b84260ac2874f8ce209"
  },
  "workspace": {
    "packageJson": {
      "dependencies": [
        "npm:@anthropic-ai/sdk@0.39",
        "npm:@auth/supabase-adapter@^1.10.0",
        "npm:@date-io/date-fns@^3.2.1",
        "npm:@dnd-kit/core@^6.3.1",
        "npm:@dnd-kit/sortable@10",
        "npm:@dnd-kit/utilities@^3.2.2",
        "npm:@electron/rebuild@^4.0.4",
        "npm:@emotion/react@^11.14.0",
        "npm:@emotion/styled@^11.14.0",
        "npm:@eslint/js@^8.56.0",
        "npm:@fullcalendar/core@^6.1.18",
        "npm:@fullcalendar/daygrid@^6.1.17",
        "npm:@fullcalendar/interaction@^6.1.17",
        "npm:@fullcalendar/react@^6.1.17",
        "npm:@fullcalendar/timegrid@^6.1.17",
        "npm:@headlessui/react@^1.7.18",
        "npm:@mui/icons-material@^7.0.2",
        "npm:@mui/material@^7.0.2",
        "npm:@mui/x-date-pickers@8",
        "npm:@radix-ui/react-avatar@^1.1.11",
        "npm:@radix-ui/react-collapsible@^1.1.12",
        "npm:@radix-ui/react-dialog@^1.1.7",
        "npm:@radix-ui/react-dropdown-menu@^2.1.6",
        "npm:@radix-ui/react-hover-card@^1.1.6",
        "npm:@radix-ui/react-label@^2.1.3",
        "npm:@radix-ui/react-popover@^1.1.7",
        "npm:@radix-ui/react-select@^2.1.7",
        "npm:@radix-ui/react-separator@^1.1.2",
        "npm:@radix-ui/react-slot@^1.1.2",
        "npm:@radix-ui/react-switch@^1.1.4",
        "npm:@radix-ui/react-tabs@^1.1.3",
        "npm:@radix-ui/react-tooltip@^1.2.4",
        "npm:@react-pdf/renderer@^4.3.0",
        "npm:@shadcn/ui@^0.0.4",
        "npm:@supabase/auth-helpers-react@0.5",
        "npm:@supabase/ssr@~0.6.1",
        "npm:@supabase/supabase-js@^2.57.2",
        "npm:@types/better-sqlite3@^7.6.13",
        "npm:@types/crypto-js@^4.2.2",
        "npm:@types/node@^20.11.19",
        "npm:@types/papaparse@^5.3.15",
        "npm:@types/react-beautiful-dnd@^13.1.8",
        "npm:@types/react-datepicker@^6.2.0",
        "npm:@types/react-dom@^18.2.19",
        "npm:@types/react-router-dom@^5.3.3",
        "npm:@types/react-tabs@^5.0.4",
        "npm:@types/react@^18.3.21",
        "npm:@types/recharts@^1.8.29",
        "npm:@types/uuid@10",
        "npm:@types/xlsx@^0.0.35",
        "npm:@vitejs/plugin-react@^6.0.2",
        "npm:autoprefixer@^10.4.17",
        "npm:axios@^1.13.2",
        "npm:better-sqlite3@^12.11.1",
        "npm:bootstrap@^5.3.5",
        "npm:boxen@^8.0.1",
        "npm:chalk@^4.1.2",
        "npm:chart.js@^4.4.9",
        "npm:class-variance-authority@0.7",
        "npm:cli-table3@~0.6.5",
        "npm:clsx@^2.1.1",
        "npm:commander@^11.1.0",
        "npm:cors@^2.8.5",
        "npm:crypto-js@^4.2.0",
        "npm:csv-parse@^5.6.0",
        "npm:date-fns@^3.6.0",
        "npm:dayjs@^1.11.13",
        "npm:dotenv@^16.6.1",
        "npm:electron-builder@^26.15.3",
        "npm:electron@^42.5.0",
        "npm:eslint-plugin-react-hooks@^4.6.0",
        "npm:eslint-plugin-react-refresh@~0.4.5",
        "npm:eslint@^8.56.0",
        "npm:express@^4.21.2",
        "npm:figlet@^1.8.0",
        "npm:framer-motion@^10.16.4",
        "npm:fuse.js@7",
        "npm:globals@^13.24.0",
        "npm:gradient-string@3",
        "npm:helmet@^8.1.0",
        "npm:html2canvas@^1.4.1",
        "npm:inquirer@^12.5.0",
        "npm:jsonwebtoken@^9.0.2",
        "npm:jspdf-autotable@^5.0.2",
        "npm:jspdf@^4.2.1",
        "npm:lru-cache@^10.2.0",
        "npm:lucide-react@^1.17.0",
        "npm:openai@^4.89.0",
        "npm:ora@^8.2.0",
        "npm:papaparse@^5.5.2",
        "npm:pdf-lib@^1.17.1",
        "npm:pdfjs-dist@^4.10.38",
        "npm:postcss@^8.5.10",
        "npm:puppeteer@^24.10.2",
        "npm:react-beautiful-dnd@^13.1.1",
        "npm:react-bootstrap@^2.10.9",
        "npm:react-chartjs-2@^5.3.0",
        "npm:react-datepicker@^8.3.0",
        "npm:react-day-picker@^9.6.7",
        "npm:react-dom@^18.2.0",
        "npm:react-hook-form@^7.54.2",
        "npm:react-hot-toast@^2.5.2",
        "npm:react-icons@^5.5.0",
        "npm:react-image-crop@^11.0.7",
        "npm:react-router-dom@^6.30.3",
        "npm:react-tabs@^6.1.0",
        "npm:react-toastify@^11.0.5",
        "npm:react@^18.3.1",
        "npm:recharts@^2.15.3",
        "npm:supabase@^2.98.2",
        "npm:tailwind-merge@^2.6.0",
        "npm:tailwindcss-animate@^1.0.7",
        "npm:tailwindcss@^3.4.1",
        "npm:typescript-eslint@^7.0.1",
        "npm:typescript@^5.3.3",
        "npm:undici@^8.5.0",
        "npm:uuid@^11.1.0",
        "npm:vite-plugin-eslint@^1.8.1",
        "npm:vite@^8.0.16"
      ],
      "overrides": {
        "tar": "^7.5.11",
        "qs": "^6.15.2",
        "ws": "^8.21.0",
        "pdfjs-dist": "^4.10.38"
      }
    }
  }
}
